// !$*UTF8*$!
{
	archiveVersion = 1;
	classes = {
	};
	objectVersion = 46;
	objects = {

/* Begin PBXBuildFile section */
		04051D171B009C5B00B5B243 /* main.m in Sources */ = {isa = PBXBuildFile; fileRef = 04051D161B009C5B00B5B243 /* main.m */; };
		04051D1A1B009C5B00B5B243 /* AppDelegate.m in Sources */ = {isa = PBXBuildFile; fileRef = 04051D191B009C5B00B5B243 /* AppDelegate.m */; };
		04051D1D1B009C5B00B5B243 /* ViewController.m in Sources */ = {isa = PBXBuildFile; fileRef = 04051D1C1B009C5B00B5B243 /* ViewController.m */; };
		04051D201B009C5B00B5B243 /* Main.storyboard in Resources */ = {isa = PBXBuildFile; fileRef = 04051D1E1B009C5B00B5B243 /* Main.storyboard */; };
		04051D221B009C5B00B5B243 /* Images.xcassets in Resources */ = {isa = PBXBuildFile; fileRef = 04051D211B009C5B00B5B243 /* Images.xcassets */; };
		04051D251B009C5B00B5B243 /* LaunchScreen.xib in Resources */ = {isa = PBXBuildFile; fileRef = 04051D231B009C5B00B5B243 /* LaunchScreen.xib */; };
		04051D311B009C5B00B5B243 /* FSGameTests.m in Sources */ = {isa = PBXBuildFile; fileRef = 04051D301B009C5B00B5B243 /* FSGameTests.m */; };
/* End PBXBuildFile section */

/* Begin PBXContainerItemProxy section */
		04051D2B1B009C5B00B5B243 /* PBXContainerItemProxy */ = {
			isa = PBXContainerItemProxy;
			containerPortal = 04051D091B009C5B00B5B243 /* Project object */;
			proxyType = 1;
			remoteGlobalIDString = 04051D101B009C5B00B5B243;
			remoteInfo = FSGame;
		};
/* End PBXContainerItemProxy section */

/* Begin PBXFileReference section */
		04051D111B009C5B00B5B243 /* FSGame.app */ = {isa = PBXFileReference; explicitFileType = wrapper.application; includeInIndex = 0; path = FSGame.app; sourceTree = BUILT_PRODUCTS_DIR; };
		04051D151B009C5B00B5B243 /* Info.plist */ = {isa = PBXFileReference; lastKnownFileType = text.plist.xml; path = Info.plist; sourceTree = "<group>"; };
		04051D161B009C5B00B5B243 /* main.m */ = {isa = PBXFileReference; lastKnownFileType = sourcecode.c.objc; path = main.m; sourceTree = "<group>"; };
		04051D181B009C5B00B5B243 /* AppDelegate.h */ = {isa = PBXFileReference; lastKnownFileType = sourcecode.c.h; path = AppDelegate.h; sourceTree = "<group>"; };
		04051D191B009C5B00B5B243 /* AppDelegate.m */ = {isa = PBXFileReference; lastKnownFileType = sourcecode.c.objc; path = AppDelegate.m; sourceTree = "<group>"; };
		04051D1B1B009C5B00B5B243 /* ViewController.h */ = {isa = PBXFileReference; lastKnownFileType = sourcecode.c.h; path = ViewController.h; sourceTree = "<group>"; };
		04051D1C1B009C5B00B5B243 /* ViewController.m */ = {isa = PBXFileReference; lastKnownFileType = sourcecode.c.objc; path = ViewController.m; sourceTree = "<group>"; };
		04051D1F1B009C5B00B5B243 /* Base */ = {isa = PBXFileReference; lastKnownFileType = file.storyboard; name = Base; path = Base.lproj/Main.storyboard; sourceTree = "<group>"; };
		04051D211B009C5B00B5B243 /* Images.xcassets */ = {isa = PBXFileReference; lastKnownFileType = folder.assetcatalog; path = Images.xcassets; sourceTree = "<group>"; };
		04051D241B009C5B00B5B243 /* Base */ = {isa = PBXFileReference; lastKnownFileType = file.xib; name = Base; path = Base.lproj/LaunchScreen.xib; sourceTree = "<group>"; };
		04051D2A1B009C5B00B5B243 /* FSGameTests.xctest */ = {isa = PBXFileReference; explicitFileType = wrapper.cfbundle; includeInIndex = 0; path = FSGameTests.xctest; sourceTree = BUILT_PRODUCTS_DIR; };
		04051D2F1B009C5B00B5B243 /* Info.plist */ = {isa = PBXFileReference; lastKnownFileType = text.plist.xml; path = Info.plist; sourceTree = "<group>"; };
		04051D301B009C5B00B5B243 /* FSGameTests.m */ = {isa = PBXFileReference; lastKnownFileType = sourcecode.c.objc; path = FSGameTests.m; sourceTree = "<group>"; };
/* End PBXFileReference section */

/* Begin PBXFrameworksBuildPhase section */
		04051D0E1B009C5B00B5B243 /* Frameworks */ = {
			isa = PBXFrameworksBuildPhase;
			buildActionMask = 2147483647;
			files = (
			);
			runOnlyForDeploymentPostprocessing = 0;
		};
		04051D271B009C5B00B5B243 /* Frameworks */ = {
			isa = PBXFrameworksBuildPhase;
			buildActionMask = 2147483647;
			files = (
			);
			runOnlyForDeploymentPostprocessing = 0;
		};
/* End PBXFrameworksBuildPhase section */

/* Begin PBXGroup section */
		04051D081B009C5B00B5B243 = {
			isa = PBXGroup;
			children = (
				04051D131B009C5B00B5B243 /* FSGame */,
				04051D2D1B009C5B00B5B243 /* FSGameTests */,
				04051D121B009C5B00B5B243 /* Products */,
			);
			sourceTree = "<group>";
		};
		04051D121B009C5B00B5B243 /* Products */ = {
			isa = PBXGroup;
			children = (
				04051D111B009C5B00B5B243 /* FSGame.app */,
				04051D2A1B009C5B00B5B243 /* FSGameTests.xctest */,
			);
			name = Products;
			sourceTree = "<group>";
		};
		04051D131B009C5B00B5B243 /* FSGame */ = {
			isa = PBXGroup;
			children = (
				04051D181B009C5B00B5B243 /* AppDelegate.h */,
				04051D191B009C5B00B5B243 /* AppDelegate.m */,
				04051D1B1B009C5B00B5B243 /* ViewController.h */,
				04051D1C1B009C5B00B5B243 /* ViewController.m */,
				04051D1E1B009C5B00B5B243 /* Main.storyboard */,
				04051D211B009C5B00B5B243 /* Images.xcassets */,
				04051D231B009C5B00B5B243 /* LaunchScreen.xib */,
				04051D141B009C5B00B5B243 /* Supporting Files */,
			);
			path = FSGame;
			sourceTree = "<group>";
		};
		04051D141B009C5B00B5B243 /* Supporting Files */ = {
			isa = PBXGroup;
			children = (
				04051D151B009C5B00B5B243 /* Info.plist */,
				04051D161B009C5B00B5B243 /* main.m */,
			);
			name = "Supporting Files";
			sourceTree = "<group>";
		};
		04051D2D1B009C5B00B5B243 /* FSGameTests */ = {
			isa = PBXGroup;
			children = (
				04051D301B009C5B00B5B243 /* FSGameTests.m */,
				04051D2E1B009C5B00B5B243 /* Supporting Files */,
			);
			path = FSGameTests;
			sourceTree = "<group>";
		};
		04051D2E1B009C5B00B5B243 /* Supporting Files */ = {
			isa = PBXGroup;
			children = (
				04051D2F1B009C5B00B5B243 /* Info.plist */,
			);
			name = "Supporting Files";
			sourceTree = "<group>";
		};
/* End PBXGroup section */

/* Begin PBXNativeTarget section */
		04051D101B009C5B00B5B243 /* FSGame */ = {
			isa = PBXNativeTarget;
			buildConfigurationList = 04051D341B009C5B00B5B243 /* Build configuration list for PBXNativeTarget "FSGame" */;
			buildPhases = (
				04051D0D1B009C5B00B5B243 /* Sources */,
				04051D0E1B009C5B00B5B243 /* Frameworks */,
				04051D0F1B009C5B00B5B243 /* Resources */,
			);
			buildRules = (
			);
			dependencies = (
			);
			name = FSGame;
			productName = FSGame;
			productReference = 04051D111B009C5B00B5B243 /* FSGame.app */;
			productType = "com.apple.product-type.application";
		};
		04051D291B009C5B00B5B243 /* FSGameTests */ = {
			isa = PBXNativeTarget;
			buildConfigurationList = 04051D371B009C5B00B5B243 /* Build configuration list for PBXNativeTarget "FSGameTests" */;
			buildPhases = (
				04051D261B009C5B00B5B243 /* Sources */,
				04051D271B009C5B00B5B243 /* Frameworks */,
				04051D281B009C5B00B5B243 /* Resources */,
			);
			buildRules = (
			);
			dependencies = (
				04051D2C1B009C5B00B5B243 /* PBXTargetDependency */,
			);
			name = FSGameTests;
			productName = FSGameTests;
			productReference = 04051D2A1B009C5B00B5B243 /* FSGameTests.xctest */;
			productType = "com.apple.product-type.bundle.unit-test";
		};
/* End PBXNativeTarget section */

/* Begin PBXProject section */
		04051D091B009C5B00B5B243 /* Project object */ = {
			isa = PBXProject;
			attributes = {
				LastUpgradeCheck = 0630;
				ORGANIZATIONNAME = "cheng jia";
				TargetAttributes = {
					04051D101B009C5B00B5B243 = {
						CreatedOnToolsVersion = 6.3;
					};
					04051D291B009C5B00B5B243 = {
						CreatedOnToolsVersion = 6.3;
						TestTargetID = 04051D101B009C5B00B5B243;
					};
				};
			};
			buildConfigurationList = 04051D0C1B009C5B00B5B243 /* Build configuration list for PBXProject "FSGame" */;
			compatibilityVersion = "Xcode 3.2";
			developmentRegion = English;
			hasScannedForEncodings = 0;
			knownRegions = (
				en,
				Base,
			);
			mainGroup = 04051D081B009C5B00B5B243;
			productRefGroup = 04051D121B009C5B00B5B243 /* Products */;
			projectDirPath = "";
			projectRoot = "";
			targets = (
				04051D101B009C5B00B5B243 /* FSGame */,
				04051D291B009C5B00B5B243 /* FSGameTests */,
			);
		};
/* End PBXProject section */

/* Begin PBXResourcesBuildPhase section */
		04051D0F1B009C5B00B5B243 /* Resources */ = {
			isa = PBXResourcesBuildPhase;
			buildActionMask = 2147483647;
			files = (
				04051D201B009C5B00B5B243 /* Main.storyboard in Resources */,
				04051D251B009C5B00B5B243 /* LaunchScreen.xib in Resources */,
				04051D221B009C5B00B5B243 /* Images.xcassets in Resources */,
			);
			runOnlyForDeploymentPostprocessing = 0;
		};
		04051D281B009C5B00B5B243 /* Resources */ = {
			isa = PBXResourcesBuildPhase;
			buildActionMask = 2147483647;
			files = (
			);
			runOnlyForDeploymentPostprocessing = 0;
		};
/* End PBXResourcesBuildPhase section */

/* Begin PBXSourcesBuildPhase section */
		04051D0D1B009C5B00B5B243 /* Sources */ = {
			isa = PBXSourcesBuildPhase;
			buildActionMask = 2147483647;
			files = (
				04051D1D1B009C5B00B5B243 /* ViewController.m in Sources */,
				04051D1A1B009C5B00B5B243 /* AppDelegate.m in Sources */,
				04051D171B009C5B00B5B243 /* main.m in Sources */,
			);
			runOnlyForDeploymentPostprocessing = 0;
		};
		04051D261B009C5B00B5B243 /* Sources */ = {
			isa = PBXSourcesBuildPhase;
			buildActionMask = 2147483647;
			files = (
				04051D311B009C5B00B5B243 /* FSGameTests.m in Sources */,
			);
			runOnlyForDeploymentPostprocessing = 0;
		};
/* End PBXSourcesBuildPhase section */

/* Begin PBXTargetDependency section */
		04051D2C1B009C5B00B5B243 /* PBXTargetDependency */ = {
			isa = PBXTargetDependency;
			target = 04051D101B009C5B00B5B243 /* FSGame */;
			targetProxy = 04051D2B1B009C5B00B5B243 /* PBXContainerItemProxy */;
		};
/* End PBXTargetDependency section */

/* Begin PBXVariantGroup section */
		04051D1E1B009C5B00B5B243 /* Main.storyboard */ = {
			isa = PBXVariantGroup;
			children = (
				04051D1F1B009C5B00B5B243 /* Base */,
			);
			name = Main.storyboard;
			sourceTree = "<group>";
		};
		04051D231B009C5B00B5B243 /* LaunchScreen.xib */ = {
			isa = PBXVariantGroup;
			children = (
				04051D241B009C5B00B5B243 /* Base */,
			);
			name = LaunchScreen.xib;
			sourceTree = "<group>";
		};
/* End PBXVariantGroup section */

/* Begin XCBuildConfiguration section */
		04051D321B009C5B00B5B243 /* Debug */ = {
			isa = XCBuildConfiguration;
			buildSettings = {
				ALWAYS_SEARCH_USER_PATHS = NO;
				CLANG_CXX_LANGUAGE_STANDARD = "gnu++0x";
				CLANG_CXX_LIBRARY = "libc++";
				CLANG_ENABLE_MODULES = YES;
				CLANG_ENABLE_OBJC_ARC = YES;
				CLANG_WARN_BOOL_CONVERSION = YES;
				CLANG_WARN_CONSTANT_CONVERSION = YES;
				CLANG_WARN_DIRECT_OBJC_ISA_USAGE = YES_ERROR;
				CLANG_WARN_EMPTY_BODY = YES;
				CLANG_WARN_ENUM_CONVERSION = YES;
				CLANG_WARN_INT_CONVERSION = YES;
				CLANG_WARN_OBJC_ROOT_CLASS = YES_ERROR;
				CLANG_WARN_UNREACHABLE_CODE = YES;
				CLANG_WARN__DUPLICATE_METHOD_MATCH = YES;
				"CODE_SIGN_IDENTITY[sdk=iphoneos*]" = "iPhone Developer";
				COPY_PHASE_STRIP = NO;
				DEBUG_INFORMATION_FORMAT = "dwarf-with-dsym";
				ENABLE_STRICT_OBJC_MSGSEND = YES;
				GCC_C_LANGUAGE_STANDARD = gnu99;
				GCC_DYNAMIC_NO_PIC = NO;
				GCC_NO_COMMON_BLOCKS = YES;
				GCC_OPTIMIZATION_LEVEL = 0;
				GCC_PREPROCESSOR_DEFINITIONS = (
					"DEBUG=1",
					"$(inherited)",
				);
				GCC_SYMBOLS_PRIVATE_EXTERN = NO;
				GCC_WARN_64_TO_32_BIT_CONVERSION = YES;
				GCC_WARN_ABOUT_RETURN_TYPE = YES_ERROR;
				GCC_WARN_UNDECLARED_SELECTOR = YES;
				GCC_WARN_UNINITIALIZED_AUTOS = YES_AGGRESSIVE;
				GCC_WARN_UNUSED_FUNCTION = YES;
				GCC_WARN_UNUSED_VARIABLE = YES;
				IPHONEOS_DEPLOYMENT_TARGET = 8.3;
				MTL_ENABLE_DEBUG_INFO = YES;
				ONLY_ACTIVE_ARCH = YES;
				SDKROOT = iphoneos;
			};
			name = Debug;
		};
		04051D331B009C5B00B5B243 /* Release */ = {
			isa = XCBuildConfiguration;
			buildSettings = {
				ALWAYS_SEARCH_USER_PATHS = NO;
				CLANG_CXX_LANGUAGE_STANDARD = "gnu++0x";
				CLANG_CXX_LIBRARY = "libc++";
				CLANG_ENABLE_MODULES = YES;
				CLANG_ENABLE_OBJC_ARC = YES;
				CLANG_WARN_BOOL_CONVERSION = YES;
				CLANG_WARN_CONSTANT_CONVERSION = YES;
				CLANG_WARN_DIRECT_OBJC_ISA_USAGE = YES_ERROR;
				CLANG_WARN_EMPTY_BODY = YES;
				CLANG_WARN_ENUM_CONVERSION = YES;
				CLANG_WARN_INT_CONVERSION = YES;
				CLANG_WARN_OBJC_ROOT_CLASS = YES_ERROR;
				CLANG_WARN_UNREACHABLE_CODE = YES;
				CLANG_WARN__DUPLICATE_METHOD_MATCH = YES;
				"CODE_SIGN_IDENTITY[sdk=iphoneos*]" = "iPhone Developer";
				COPY_PHASE_STRIP = NO;
				DEBUG_INFORMATION_FORMAT = "dwarf-with-dsym";
				ENABLE_NS_ASSERTIONS = NO;
				ENABLE_STRICT_OBJC_MSGSEND = YES;
				GCC_C_LANGUAGE_STANDARD = gnu99;
				GCC_NO_COMMON_BLOCKS = YES;
				GCC_WARN_64_TO_32_BIT_CONVERSION = YES;
				GCC_WARN_ABOUT_RETURN_TYPE = YES_ERROR;
				GCC_WARN_UNDECLARED_SELECTOR = YES;
				GCC_WARN_UNINITIALIZED_AUTOS = YES_AGGRESSIVE;
				GCC_WARN_UNUSED_FUNCTION = YES;
				GCC_WARN_UNUSED_VARIABLE = YES;
				IPHONEOS_DEPLOYMENT_TARGET = 8.3;
				MTL_ENABLE_DEBUG_INFO = NO;
				SDKROOT = iphoneos;
				VALIDATE_PRODUCT = YES;
			};
			name = Release;
		};
		04051D351B009C5B00B5B243 /* Debug */ = {
			isa = XCBuildConfiguration;
			buildSettings = {
				ASSETCATALOG_COMPILER_APPICON_NAME = AppIcon;
				INFOPLIST_FILE = FSGame/Info.plist;
				LD_RUNPATH_SEARCH_PATHS = "$(inherited) @executable_path/Frameworks";
				PRODUCT_NAME = "$(TARGET_NAME)";
			};
			name = Debug;
		};
		04051D361B009C5B00B5B243 /* Release */ = {
			isa = XCBuildConfiguration;
			buildSettings = {
				ASSETCATALOG_COMPILER_APPICON_NAME = AppIcon;
				INFOPLIST_FILE = FSGame/Info.plist;
				LD_RUNPATH_SEARCH_PATHS = "$(inherited) @executable_path/Frameworks";
				PRODUCT_NAME = "$(TARGET_NAME)";
			};
			name = Release;
		};
		04051D381B009C5B00B5B243 /* Debug */ = {
			isa = XCBuildConfiguration;
			buildSettings = {
				BUNDLE_LOADER = "$(TEST_HOST)";
				FRAMEWORK_SEARCH_PATHS = (
					"$(SDKROOT)/Developer/Library/Frameworks",
					"$(inherited)",
				);
				GCC_PREPROCESSOR_DEFINITIONS = (
					"DEBUG=1",
					"$(inherited)",
				);
				INFOPLIST_FILE = FSGameTests/Info.plist;
				LD_RUNPATH_SEARCH_PATHS = "$(inherited) @executable_path/Frameworks @loader_path/Frameworks";
				PRODUCT_NAME = "$(TARGET_NAME)";
				TEST_HOST = "$(BUILT_PRODUCTS_DIR)/FSGame.app/FSGame";
			};
			name = Debug;
		};
		04051D391B009C5B00B5B243 /* Release */ = {
			isa = XCBuildConfiguration;
			buildSettings = {
				BUNDLE_LOADER = "$(TEST_HOST)";
				FRAMEWORK_SEARCH_PATHS = (
					"$(SDKROOT)/Developer/Library/Frameworks",
					"$(inherited)",
				);
				INFOPLIST_FILE = FSGameTests/Info.plist;
				LD_RUNPATH_SEARCH_PATHS = "$(inherited) @executable_path/Frameworks @loader_path/Frameworks";
				PRODUCT_NAME = "$(TARGET_NAME)";
				TEST_HOST = "$(BUILT_PRODUCTS_DIR)/FSGame.app/FSGame";
			};
			name = Release;
		};
/* End XCBuildConfiguration section */

/* Begin XCConfigurationList section */
		04051D0C1B009C5B00B5B243 /* Build configuration list for PBXProject "FSGame" */ = {
			isa = XCConfigurationList;
			buildConfigurations = (
				04051D321B009C5B00B5B243 /* Debug */,
				04051D331B009C5B00B5B243 /* Release */,
			);
			defaultConfigurationIsVisible = 0;
			defaultConfigurationName = Release;
		};
		04051D341B009C5B00B5B243 /* Build configuration list for PBXNativeTarget "FSGame" */ = {
			isa = XCConfigurationList;
			buildConfigurations = (
				04051D351B009C5B00B5B243 /* Debug */,
				04051D361B009C5B00B5B243 /* Release */,
			);
			defaultConfigurationIsVisible = 0;
		};
		04051D371B009C5B00B5B243 /* Build configuration list for PBXNativeTarget "FSGameTests" */ = {
			isa = XCConfigurationList;
			buildConfigurations = (
				04051D381B009C5B00B5B243 /* Debug */,
				04051D391B009C5B00B5B243 /* Release */,
			);
			defaultConfigurationIsVisible = 0;
		};
/* End XCConfigurationList section */
	};
	rootObject = 04051D091B009C5B00B5B243 /* Project object */;
}
