// !$*UTF8*$!
{
	archiveVersion = 1;
	classes = {
	};
	objectVersion = 46;
	objects = {

/* Begin PBXBuildFile section */
		04051D171B009C5B00B5B243 /* main.m in Sources */ = {isa = PBXBuildFile; fileRef = 04051D161B009C5B00B5B243 /* main.m */; };
		04051D1A1B009C5B00B5B243 /* AppDelegate.m in Sources */ = {isa = PBXBuildFile; fileRef = 04051D191B009C5B00B5B243 /* AppDelegate.m */; };
		04051D201B009C5B00B5B243 /* Main.storyboard in Resources */ = {isa = PBXBuildFile; fileRef = 04051D1E1B009C5B00B5B243 /* Main.storyboard */; };
		04051D221B009C5B00B5B243 /* Images.xcassets in Resources */ = {isa = PBXBuildFile; fileRef = 04051D211B009C5B00B5B243 /* Images.xcassets */; };
		04051D251B009C5B00B5B243 /* LaunchScreen.xib in Resources */ = {isa = PBXBuildFile; fileRef = 04051D231B009C5B00B5B243 /* LaunchScreen.xib */; };
		04051D311B009C5B00B5B243 /* FSGameTests.m in Sources */ = {isa = PBXBuildFile; fileRef = 04051D301B009C5B00B5B243 /* FSGameTests.m */; };
		04051D431B00A84900B5B243 /* CBaseViewController.m in Sources */ = {isa = PBXBuildFile; fileRef = 04051D421B00A84900B5B243 /* CBaseViewController.m */; };
		04051D4A1B00AC9600B5B243 /* SlideNavigationController.m in Sources */ = {isa = PBXBuildFile; fileRef = 04051D491B00AC9600B5B243 /* SlideNavigationController.m */; };
		04051D4E1B00AD2200B5B243 /* CSOVViewController.m in Sources */ = {isa = PBXBuildFile; fileRef = 04051D4D1B00AD2200B5B243 /* CSOVViewController.m */; };
		04051D521B00AE4400B5B243 /* CLeftMenuViewController.m in Sources */ = {isa = PBXBuildFile; fileRef = 04051D511B00AE4400B5B243 /* CLeftMenuViewController.m */; };
		04051D561B00B47400B5B243 /* CEleCell.m in Sources */ = {isa = PBXBuildFile; fileRef = 04051D551B00B47400B5B243 /* CEleCell.m */; };
		A142496B1B36FB7100F58324 /* CUserViewController.m in Sources */ = {isa = PBXBuildFile; fileRef = A142496A1B36FB7100F58324 /* CUserViewController.m */; };
		A16D4AB31B35A92800C555AB /* CPopMenuView.m in Sources */ = {isa = PBXBuildFile; fileRef = A16D4AB21B35A92800C555AB /* CPopMenuView.m */; };
		A16D4AB71B35B3ED00C555AB /* CRightViewController.m in Sources */ = {isa = PBXBuildFile; fileRef = A16D4AB61B35B3ED00C555AB /* CRightViewController.m */; };
		A16D4ABA1B35BCA500C555AB /* UIImage+FSUI.m in Sources */ = {isa = PBXBuildFile; fileRef = A16D4AB91B35BCA500C555AB /* UIImage+FSUI.m */; };
		A170229E1B3852FA00CC83F1 /* CUserBasicInfoView.m in Sources */ = {isa = PBXBuildFile; fileRef = A170229D1B3852FA00CC83F1 /* CUserBasicInfoView.m */; };
		A18746E21B3995CF0094D30D /* CCertificateController.m in Sources */ = {isa = PBXBuildFile; fileRef = A18746E11B3995CF0094D30D /* CCertificateController.m */; };
/* End PBXBuildFile section */

/* Begin PBXContainerItemProxy section */
		04051D2B1B009C5B00B5B243 /* PBXContainerItemProxy */ = {
			isa = PBXContainerItemProxy;
			containerPortal = 04051D091B009C5B00B5B243 /* Project object */;
			proxyType = 1;
			remoteGlobalIDString = 04051D101B009C5B00B5B243;
			remoteInfo = FSGame;
		};
/* End PBXContainerItemProxy section */

/* Begin PBXFileReference section */
		04051D111B009C5B00B5B243 /* FSGame.app */ = {isa = PBXFileReference; explicitFileType = wrapper.application; includeInIndex = 0; path = FSGame.app; sourceTree = BUILT_PRODUCTS_DIR; };
		04051D151B009C5B00B5B243 /* Info.plist */ = {isa = PBXFileReference; lastKnownFileType = text.plist.xml; path = Info.plist; sourceTree = "<group>"; };
		04051D161B009C5B00B5B243 /* main.m */ = {isa = PBXFileReference; lastKnownFileType = sourcecode.c.objc; path = main.m; sourceTree = "<group>"; };
		04051D181B009C5B00B5B243 /* AppDelegate.h */ = {isa = PBXFileReference; lastKnownFileType = sourcecode.c.h; path = AppDelegate.h; sourceTree = "<group>"; };
		04051D191B009C5B00B5B243 /* AppDelegate.m */ = {isa = PBXFileReference; lastKnownFileType = sourcecode.c.objc; path = AppDelegate.m; sourceTree = "<group>"; };
		04051D1F1B009C5B00B5B243 /* Base */ = {isa = PBXFileReference; lastKnownFileType = file.storyboard; name = Base; path = Base.lproj/Main.storyboard; sourceTree = "<group>"; };
		04051D211B009C5B00B5B243 /* Images.xcassets */ = {isa = PBXFileReference; lastKnownFileType = folder.assetcatalog; path = Images.xcassets; sourceTree = "<group>"; };
		04051D241B009C5B00B5B243 /* Base */ = {isa = PBXFileReference; lastKnownFileType = file.xib; name = Base; path = Base.lproj/LaunchScreen.xib; sourceTree = "<group>"; };
		04051D2A1B009C5B00B5B243 /* FSGameTests.xctest */ = {isa = PBXFileReference; explicitFileType = wrapper.cfbundle; includeInIndex = 0; path = FSGameTests.xctest; sourceTree = BUILT_PRODUCTS_DIR; };
		04051D2F1B009C5B00B5B243 /* Info.plist */ = {isa = PBXFileReference; lastKnownFileType = text.plist.xml; path = Info.plist; sourceTree = "<group>"; };
		04051D301B009C5B00B5B243 /* FSGameTests.m */ = {isa = PBXFileReference; lastKnownFileType = sourcecode.c.objc; path = FSGameTests.m; sourceTree = "<group>"; };
		04051D3F1B009CBD00B5B243 /* PrefixHeader.pch */ = {isa = PBXFileReference; lastKnownFileType = sourcecode.c.h; path = PrefixHeader.pch; sourceTree = "<group>"; };
		04051D411B00A84900B5B243 /* CBaseViewController.h */ = {isa = PBXFileReference; fileEncoding = 4; lastKnownFileType = sourcecode.c.h; path = CBaseViewController.h; sourceTree = "<group>"; };
		04051D421B00A84900B5B243 /* CBaseViewController.m */ = {isa = PBXFileReference; fileEncoding = 4; lastKnownFileType = sourcecode.c.objc; path = CBaseViewController.m; sourceTree = "<group>"; };
		04051D441B00ABB800B5B243 /* sov.sqlite */ = {isa = PBXFileReference; lastKnownFileType = file; path = sov.sqlite; sourceTree = "<group>"; };
		04051D481B00AC9600B5B243 /* SlideNavigationController.h */ = {isa = PBXFileReference; fileEncoding = 4; lastKnownFileType = sourcecode.c.h; path = SlideNavigationController.h; sourceTree = "<group>"; };
		04051D491B00AC9600B5B243 /* SlideNavigationController.m */ = {isa = PBXFileReference; fileEncoding = 4; lastKnownFileType = sourcecode.c.objc; path = SlideNavigationController.m; sourceTree = "<group>"; };
		04051D4C1B00AD2200B5B243 /* CSOVViewController.h */ = {isa = PBXFileReference; fileEncoding = 4; lastKnownFileType = sourcecode.c.h; path = CSOVViewController.h; sourceTree = "<group>"; };
		04051D4D1B00AD2200B5B243 /* CSOVViewController.m */ = {isa = PBXFileReference; fileEncoding = 4; lastKnownFileType = sourcecode.c.objc; path = CSOVViewController.m; sourceTree = "<group>"; };
		04051D501B00AE4400B5B243 /* CLeftMenuViewController.h */ = {isa = PBXFileReference; fileEncoding = 4; lastKnownFileType = sourcecode.c.h; path = CLeftMenuViewController.h; sourceTree = "<group>"; };
		04051D511B00AE4400B5B243 /* CLeftMenuViewController.m */ = {isa = PBXFileReference; fileEncoding = 4; lastKnownFileType = sourcecode.c.objc; path = CLeftMenuViewController.m; sourceTree = "<group>"; };
		04051D541B00B47400B5B243 /* CEleCell.h */ = {isa = PBXFileReference; fileEncoding = 4; lastKnownFileType = sourcecode.c.h; path = CEleCell.h; sourceTree = "<group>"; };
		04051D551B00B47400B5B243 /* CEleCell.m */ = {isa = PBXFileReference; fileEncoding = 4; lastKnownFileType = sourcecode.c.objc; path = CEleCell.m; sourceTree = "<group>"; };
		A14249691B36FB7100F58324 /* CUserViewController.h */ = {isa = PBXFileReference; fileEncoding = 4; lastKnownFileType = sourcecode.c.h; path = CUserViewController.h; sourceTree = "<group>"; };
		A142496A1B36FB7100F58324 /* CUserViewController.m */ = {isa = PBXFileReference; fileEncoding = 4; lastKnownFileType = sourcecode.c.objc; path = CUserViewController.m; sourceTree = "<group>"; };
		A16D4AB11B35A92800C555AB /* CPopMenuView.h */ = {isa = PBXFileReference; fileEncoding = 4; lastKnownFileType = sourcecode.c.h; path = CPopMenuView.h; sourceTree = "<group>"; };
		A16D4AB21B35A92800C555AB /* CPopMenuView.m */ = {isa = PBXFileReference; fileEncoding = 4; lastKnownFileType = sourcecode.c.objc; path = CPopMenuView.m; sourceTree = "<group>"; };
		A16D4AB51B35B3ED00C555AB /* CRightViewController.h */ = {isa = PBXFileReference; fileEncoding = 4; lastKnownFileType = sourcecode.c.h; path = CRightViewController.h; sourceTree = "<group>"; };
		A16D4AB61B35B3ED00C555AB /* CRightViewController.m */ = {isa = PBXFileReference; fileEncoding = 4; lastKnownFileType = sourcecode.c.objc; path = CRightViewController.m; sourceTree = "<group>"; };
		A16D4AB81B35BCA500C555AB /* UIImage+FSUI.h */ = {isa = PBXFileReference; fileEncoding = 4; lastKnownFileType = sourcecode.c.h; path = "UIImage+FSUI.h"; sourceTree = "<group>"; };
		A16D4AB91B35BCA500C555AB /* UIImage+FSUI.m */ = {isa = PBXFileReference; fileEncoding = 4; lastKnownFileType = sourcecode.c.objc; path = "UIImage+FSUI.m"; sourceTree = "<group>"; };
		A170229C1B3852FA00CC83F1 /* CUserBasicInfoView.h */ = {isa = PBXFileReference; fileEncoding = 4; lastKnownFileType = sourcecode.c.h; path = CUserBasicInfoView.h; sourceTree = "<group>"; };
		A170229D1B3852FA00CC83F1 /* CUserBasicInfoView.m */ = {isa = PBXFileReference; fileEncoding = 4; lastKnownFileType = sourcecode.c.objc; path = CUserBasicInfoView.m; sourceTree = "<group>"; };
		A18746E01B3995CF0094D30D /* CCertificateController.h */ = {isa = PBXFileReference; fileEncoding = 4; lastKnownFileType = sourcecode.c.h; path = CCertificateController.h; sourceTree = "<group>"; };
		A18746E11B3995CF0094D30D /* CCertificateController.m */ = {isa = PBXFileReference; fileEncoding = 4; lastKnownFileType = sourcecode.c.objc; path = CCertificateController.m; sourceTree = "<group>"; };
/* End PBXFileReference section */

/* Begin PBXFrameworksBuildPhase section */
		04051D0E1B009C5B00B5B243 /* Frameworks */ = {
			isa = PBXFrameworksBuildPhase;
			buildActionMask = 2147483647;
			files = (
			);
			runOnlyForDeploymentPostprocessing = 0;
		};
		04051D271B009C5B00B5B243 /* Frameworks */ = {
			isa = PBXFrameworksBuildPhase;
			buildActionMask = 2147483647;
			files = (
			);
			runOnlyForDeploymentPostprocessing = 0;
		};
/* End PBXFrameworksBuildPhase section */

/* Begin PBXGroup section */
		04051D081B009C5B00B5B243 = {
			isa = PBXGroup;
			children = (
				04051D131B009C5B00B5B243 /* FSGame */,
				04051D2D1B009C5B00B5B243 /* FSGameTests */,
				04051D121B009C5B00B5B243 /* Products */,
			);
			sourceTree = "<group>";
		};
		04051D121B009C5B00B5B243 /* Products */ = {
			isa = PBXGroup;
			children = (
				04051D111B009C5B00B5B243 /* FSGame.app */,
				04051D2A1B009C5B00B5B243 /* FSGameTests.xctest */,
			);
			name = Products;
			sourceTree = "<group>";
		};
		04051D131B009C5B00B5B243 /* FSGame */ = {
			isa = PBXGroup;
			children = (
				04051D181B009C5B00B5B243 /* AppDelegate.h */,
				04051D191B009C5B00B5B243 /* AppDelegate.m */,
				04051D3E1B009C9800B5B243 /* Service */,
				04051D3D1B009C8900B5B243 /* 3rdParty */,
				04051D3C1B009C8200B5B243 /* View */,
				04051D3B1B009C7800B5B243 /* Model */,
				04051D3A1B009C6F00B5B243 /* Controller */,
				04051D1E1B009C5B00B5B243 /* Main.storyboard */,
				04051D211B009C5B00B5B243 /* Images.xcassets */,
				04051D231B009C5B00B5B243 /* LaunchScreen.xib */,
				04051D141B009C5B00B5B243 /* Supporting Files */,
			);
			path = FSGame;
			sourceTree = "<group>";
		};
		04051D141B009C5B00B5B243 /* Supporting Files */ = {
			isa = PBXGroup;
			children = (
				04051D3F1B009CBD00B5B243 /* PrefixHeader.pch */,
				04051D441B00ABB800B5B243 /* sov.sqlite */,
				04051D151B009C5B00B5B243 /* Info.plist */,
				04051D161B009C5B00B5B243 /* main.m */,
			);
			name = "Supporting Files";
			sourceTree = "<group>";
		};
		04051D2D1B009C5B00B5B243 /* FSGameTests */ = {
			isa = PBXGroup;
			children = (
				04051D301B009C5B00B5B243 /* FSGameTests.m */,
				04051D2E1B009C5B00B5B243 /* Supporting Files */,
			);
			path = FSGameTests;
			sourceTree = "<group>";
		};
		04051D2E1B009C5B00B5B243 /* Supporting Files */ = {
			isa = PBXGroup;
			children = (
				04051D2F1B009C5B00B5B243 /* Info.plist */,
			);
			name = "Supporting Files";
			sourceTree = "<group>";
		};
		04051D3A1B009C6F00B5B243 /* Controller */ = {
			isa = PBXGroup;
			children = (
				A16D4AB41B35B3D200C555AB /* RightMenu */,
				04051D4F1B00AE2E00B5B243 /* LeftMenu */,
				04051D4B1B00AD0400B5B243 /* SOV */,
				04051D401B00A80900B5B243 /* BaseController */,
			);
			name = Controller;
			sourceTree = "<group>";
		};
		04051D3B1B009C7800B5B243 /* Model */ = {
			isa = PBXGroup;
			children = (
			);
			name = Model;
			sourceTree = "<group>";
		};
		04051D3C1B009C8200B5B243 /* View */ = {
			isa = PBXGroup;
			children = (
				04051D531B00B18F00B5B243 /* Cell */,
				A16D4AB11B35A92800C555AB /* CPopMenuView.h */,
				A16D4AB21B35A92800C555AB /* CPopMenuView.m */,
				A170229C1B3852FA00CC83F1 /* CUserBasicInfoView.h */,
				A170229D1B3852FA00CC83F1 /* CUserBasicInfoView.m */,
			);
			name = View;
			sourceTree = "<group>";
		};
		04051D3D1B009C8900B5B243 /* 3rdParty */ = {
			isa = PBXGroup;
			children = (
				A16D4AB81B35BCA500C555AB /* UIImage+FSUI.h */,
				A16D4AB91B35BCA500C555AB /* UIImage+FSUI.m */,
				04051D471B00AC9600B5B243 /* navigationcontrroller */,
			);
			name = 3rdParty;
			sourceTree = "<group>";
		};
		04051D3E1B009C9800B5B243 /* Service */ = {
			isa = PBXGroup;
			children = (
			);
			name = Service;
			sourceTree = "<group>";
		};
		04051D401B00A80900B5B243 /* BaseController */ = {
			isa = PBXGroup;
			children = (
				04051D411B00A84900B5B243 /* CBaseViewController.h */,
				04051D421B00A84900B5B243 /* CBaseViewController.m */,
			);
			name = BaseController;
			sourceTree = "<group>";
		};
		04051D471B00AC9600B5B243 /* navigationcontrroller */ = {
			isa = PBXGroup;
			children = (
				04051D481B00AC9600B5B243 /* SlideNavigationController.h */,
				04051D491B00AC9600B5B243 /* SlideNavigationController.m */,
			);
			path = navigationcontrroller;
			sourceTree = "<group>";
		};
		04051D4B1B00AD0400B5B243 /* SOV */ = {
			isa = PBXGroup;
			children = (
				04051D4C1B00AD2200B5B243 /* CSOVViewController.h */,
				04051D4D1B00AD2200B5B243 /* CSOVViewController.m */,
			);
			name = SOV;
			sourceTree = "<group>";
		};
		04051D4F1B00AE2E00B5B243 /* LeftMenu */ = {
			isa = PBXGroup;
			children = (
				A18746DF1B3995A30094D30D /* Certificate */,
				04051D501B00AE4400B5B243 /* CLeftMenuViewController.h */,
				04051D511B00AE4400B5B243 /* CLeftMenuViewController.m */,
				A14249691B36FB7100F58324 /* CUserViewController.h */,
				A142496A1B36FB7100F58324 /* CUserViewController.m */,
			);
			name = LeftMenu;
			sourceTree = "<group>";
		};
		04051D531B00B18F00B5B243 /* Cell */ = {
			isa = PBXGroup;
			children = (
				04051D541B00B47400B5B243 /* CEleCell.h */,
				04051D551B00B47400B5B243 /* CEleCell.m */,
			);
			name = Cell;
			sourceTree = "<group>";
		};
		A16D4AB41B35B3D200C555AB /* RightMenu */ = {
			isa = PBXGroup;
			children = (
				A16D4AB51B35B3ED00C555AB /* CRightViewController.h */,
				A16D4AB61B35B3ED00C555AB /* CRightViewController.m */,
			);
			name = RightMenu;
			sourceTree = "<group>";
		};
		A18746DF1B3995A30094D30D /* Certificate */ = {
			isa = PBXGroup;
			children = (
				A18746E01B3995CF0094D30D /* CCertificateController.h */,
				A18746E11B3995CF0094D30D /* CCertificateController.m */,
			);
			name = Certificate;
			sourceTree = "<group>";
		};
/* End PBXGroup section */

/* Begin PBXNativeTarget section */
		04051D101B009C5B00B5B243 /* FSGame */ = {
			isa = PBXNativeTarget;
			buildConfigurationList = 04051D341B009C5B00B5B243 /* Build configuration list for PBXNativeTarget "FSGame" */;
			buildPhases = (
				04051D0D1B009C5B00B5B243 /* Sources */,
				04051D0E1B009C5B00B5B243 /* Frameworks */,
				04051D0F1B009C5B00B5B243 /* Resources */,
			);
			buildRules = (
			);
			dependencies = (
			);
			name = FSGame;
			productName = FSGame;
			productReference = 04051D111B009C5B00B5B243 /* FSGame.app */;
			productType = "com.apple.product-type.application";
		};
		04051D291B009C5B00B5B243 /* FSGameTests */ = {
			isa = PBXNativeTarget;
			buildConfigurationList = 04051D371B009C5B00B5B243 /* Build configuration list for PBXNativeTarget "FSGameTests" */;
			buildPhases = (
				04051D261B009C5B00B5B243 /* Sources */,
				04051D271B009C5B00B5B243 /* Frameworks */,
				04051D281B009C5B00B5B243 /* Resources */,
			);
			buildRules = (
			);
			dependencies = (
				04051D2C1B009C5B00B5B243 /* PBXTargetDependency */,
			);
			name = FSGameTests;
			productName = FSGameTests;
			productReference = 04051D2A1B009C5B00B5B243 /* FSGameTests.xctest */;
			productType = "com.apple.product-type.bundle.unit-test";
		};
/* End PBXNativeTarget section */

/* Begin PBXProject section */
		04051D091B009C5B00B5B243 /* Project object */ = {
			isa = PBXProject;
			attributes = {
				LastUpgradeCheck = 0630;
				ORGANIZATIONNAME = "cheng jia";
				TargetAttributes = {
					04051D101B009C5B00B5B243 = {
						CreatedOnToolsVersion = 6.3;
						DevelopmentTeam = B4N3Q92QUA;
					};
					04051D291B009C5B00B5B243 = {
						CreatedOnToolsVersion = 6.3;
						TestTargetID = 04051D101B009C5B00B5B243;
					};
				};
			};
			buildConfigurationList = 04051D0C1B009C5B00B5B243 /* Build configuration list for PBXProject "FSGame" */;
			compatibilityVersion = "Xcode 3.2";
			developmentRegion = English;
			hasScannedForEncodings = 0;
			knownRegions = (
				en,
				Base,
			);
			mainGroup = 04051D081B009C5B00B5B243;
			productRefGroup = 04051D121B009C5B00B5B243 /* Products */;
			projectDirPath = "";
			projectRoot = "";
			targets = (
				04051D101B009C5B00B5B243 /* FSGame */,
				04051D291B009C5B00B5B243 /* FSGameTests */,
			);
		};
/* End PBXProject section */

/* Begin PBXResourcesBuildPhase section */
		04051D0F1B009C5B00B5B243 /* Resources */ = {
			isa = PBXResourcesBuildPhase;
			buildActionMask = 2147483647;
			files = (
				04051D201B009C5B00B5B243 /* Main.storyboard in Resources */,
				04051D251B009C5B00B5B243 /* LaunchScreen.xib in Resources */,
				04051D221B009C5B00B5B243 /* Images.xcassets in Resources */,
			);
			runOnlyForDeploymentPostprocessing = 0;
		};
		04051D281B009C5B00B5B243 /* Resources */ = {
			isa = PBXResourcesBuildPhase;
			buildActionMask = 2147483647;
			files = (
			);
			runOnlyForDeploymentPostprocessing = 0;
		};
/* End PBXResourcesBuildPhase section */

/* Begin PBXSourcesBuildPhase section */
		04051D0D1B009C5B00B5B243 /* Sources */ = {
			isa = PBXSourcesBuildPhase;
			buildActionMask = 2147483647;
			files = (
				A142496B1B36FB7100F58324 /* CUserViewController.m in Sources */,
				A16D4AB71B35B3ED00C555AB /* CRightViewController.m in Sources */,
				04051D4E1B00AD2200B5B243 /* CSOVViewController.m in Sources */,
				A16D4ABA1B35BCA500C555AB /* UIImage+FSUI.m in Sources */,
				04051D431B00A84900B5B243 /* CBaseViewController.m in Sources */,
				04051D1A1B009C5B00B5B243 /* AppDelegate.m in Sources */,
				A16D4AB31B35A92800C555AB /* CPopMenuView.m in Sources */,
				04051D561B00B47400B5B243 /* CEleCell.m in Sources */,
				04051D171B009C5B00B5B243 /* main.m in Sources */,
				A18746E21B3995CF0094D30D /* CCertificateController.m in Sources */,
				04051D521B00AE4400B5B243 /* CLeftMenuViewController.m in Sources */,
				A170229E1B3852FA00CC83F1 /* CUserBasicInfoView.m in Sources */,
				04051D4A1B00AC9600B5B243 /* SlideNavigationController.m in Sources */,
			);
			runOnlyForDeploymentPostprocessing = 0;
		};
		04051D261B009C5B00B5B243 /* Sources */ = {
			isa = PBXSourcesBuildPhase;
			buildActionMask = 2147483647;
			files = (
				04051D311B009C5B00B5B243 /* FSGameTests.m in Sources */,
			);
			runOnlyForDeploymentPostprocessing = 0;
		};
/* End PBXSourcesBuildPhase section */

/* Begin PBXTargetDependency section */
		04051D2C1B009C5B00B5B243 /* PBXTargetDependency */ = {
			isa = PBXTargetDependency;
			target = 04051D101B009C5B00B5B243 /* FSGame */;
			targetProxy = 04051D2B1B009C5B00B5B243 /* PBXContainerItemProxy */;
		};
/* End PBXTargetDependency section */

/* Begin PBXVariantGroup section */
		04051D1E1B009C5B00B5B243 /* Main.storyboard */ = {
			isa = PBXVariantGroup;
			children = (
				04051D1F1B009C5B00B5B243 /* Base */,
			);
			name = Main.storyboard;
			sourceTree = "<group>";
		};
		04051D231B009C5B00B5B243 /* LaunchScreen.xib */ = {
			isa = PBXVariantGroup;
			children = (
				04051D241B009C5B00B5B243 /* Base */,
			);
			name = LaunchScreen.xib;
			sourceTree = "<group>";
		};
/* End PBXVariantGroup section */

/* Begin XCBuildConfiguration section */
		04051D321B009C5B00B5B243 /* Debug */ = {
			isa = XCBuildConfiguration;
			buildSettings = {
				ALWAYS_SEARCH_USER_PATHS = NO;
				CLANG_CXX_LANGUAGE_STANDARD = "gnu++0x";
				CLANG_CXX_LIBRARY = "libc++";
				CLANG_ENABLE_MODULES = YES;
				CLANG_ENABLE_OBJC_ARC = YES;
				CLANG_WARN_BOOL_CONVERSION = YES;
				CLANG_WARN_CONSTANT_CONVERSION = YES;
				CLANG_WARN_DIRECT_OBJC_ISA_USAGE = YES_ERROR;
				CLANG_WARN_EMPTY_BODY = YES;
				CLANG_WARN_ENUM_CONVERSION = YES;
				CLANG_WARN_INT_CONVERSION = YES;
				CLANG_WARN_OBJC_ROOT_CLASS = YES_ERROR;
				CLANG_WARN_UNREACHABLE_CODE = YES;
				CLANG_WARN__DUPLICATE_METHOD_MATCH = YES;
				"CODE_SIGN_IDENTITY[sdk=iphoneos*]" = "iPhone Developer";
				COPY_PHASE_STRIP = NO;
				DEBUG_INFORMATION_FORMAT = "dwarf-with-dsym";
				ENABLE_STRICT_OBJC_MSGSEND = YES;
				GCC_C_LANGUAGE_STANDARD = gnu99;
				GCC_DYNAMIC_NO_PIC = NO;
				GCC_NO_COMMON_BLOCKS = YES;
				GCC_OPTIMIZATION_LEVEL = 0;
				GCC_PREPROCESSOR_DEFINITIONS = (
					"DEBUG=1",
					"$(inherited)",
				);
				GCC_SYMBOLS_PRIVATE_EXTERN = NO;
				GCC_WARN_64_TO_32_BIT_CONVERSION = YES;
				GCC_WARN_ABOUT_RETURN_TYPE = YES_ERROR;
				GCC_WARN_UNDECLARED_SELECTOR = YES;
				GCC_WARN_UNINITIALIZED_AUTOS = YES_AGGRESSIVE;
				GCC_WARN_UNUSED_FUNCTION = YES;
				GCC_WARN_UNUSED_VARIABLE = YES;
				IPHONEOS_DEPLOYMENT_TARGET = 8.3;
				MTL_ENABLE_DEBUG_INFO = YES;
				ONLY_ACTIVE_ARCH = YES;
				SDKROOT = iphoneos;
			};
			name = Debug;
		};
		04051D331B009C5B00B5B243 /* Release */ = {
			isa = XCBuildConfiguration;
			buildSettings = {
				ALWAYS_SEARCH_USER_PATHS = NO;
				CLANG_CXX_LANGUAGE_STANDARD = "gnu++0x";
				CLANG_CXX_LIBRARY = "libc++";
				CLANG_ENABLE_MODULES = YES;
				CLANG_ENABLE_OBJC_ARC = YES;
				CLANG_WARN_BOOL_CONVERSION = YES;
				CLANG_WARN_CONSTANT_CONVERSION = YES;
				CLANG_WARN_DIRECT_OBJC_ISA_USAGE = YES_ERROR;
				CLANG_WARN_EMPTY_BODY = YES;
				CLANG_WARN_ENUM_CONVERSION = YES;
				CLANG_WARN_INT_CONVERSION = YES;
				CLANG_WARN_OBJC_ROOT_CLASS = YES_ERROR;
				CLANG_WARN_UNREACHABLE_CODE = YES;
				CLANG_WARN__DUPLICATE_METHOD_MATCH = YES;
				"CODE_SIGN_IDENTITY[sdk=iphoneos*]" = "iPhone Developer";
				COPY_PHASE_STRIP = NO;
				DEBUG_INFORMATION_FORMAT = "dwarf-with-dsym";
				ENABLE_NS_ASSERTIONS = NO;
				ENABLE_STRICT_OBJC_MSGSEND = YES;
				GCC_C_LANGUAGE_STANDARD = gnu99;
				GCC_NO_COMMON_BLOCKS = YES;
				GCC_WARN_64_TO_32_BIT_CONVERSION = YES;
				GCC_WARN_ABOUT_RETURN_TYPE = YES_ERROR;
				GCC_WARN_UNDECLARED_SELECTOR = YES;
				GCC_WARN_UNINITIALIZED_AUTOS = YES_AGGRESSIVE;
				GCC_WARN_UNUSED_FUNCTION = YES;
				GCC_WARN_UNUSED_VARIABLE = YES;
				IPHONEOS_DEPLOYMENT_TARGET = 8.3;
				MTL_ENABLE_DEBUG_INFO = NO;
				SDKROOT = iphoneos;
				VALIDATE_PRODUCT = YES;
			};
			name = Release;
		};
		04051D351B009C5B00B5B243 /* Debug */ = {
			isa = XCBuildConfiguration;
			buildSettings = {
				ASSETCATALOG_COMPILER_APPICON_NAME = AppIcon;
				ASSETCATALOG_COMPILER_LAUNCHIMAGE_NAME = LaunchImage;
				CODE_SIGN_IDENTITY = "iPhone Developer";
				"CODE_SIGN_IDENTITY[sdk=iphoneos*]" = "iPhone Developer";
				GCC_PRECOMPILE_PREFIX_HEADER = YES;
				GCC_PREFIX_HEADER = "$(SRCROOT)/FSGame/PrefixHeader.pch";
				INFOPLIST_FILE = FSGame/Info.plist;
				IPHONEOS_DEPLOYMENT_TARGET = 7.0;
				LD_RUNPATH_SEARCH_PATHS = "$(inherited) @executable_path/Frameworks";
				PRODUCT_NAME = "$(TARGET_NAME)";
				PROVISIONING_PROFILE = "";
			};
			name = Debug;
		};
		04051D361B009C5B00B5B243 /* Release */ = {
			isa = XCBuildConfiguration;
			buildSettings = {
				ASSETCATALOG_COMPILER_APPICON_NAME = AppIcon;
				ASSETCATALOG_COMPILER_LAUNCHIMAGE_NAME = LaunchImage;
				CODE_SIGN_IDENTITY = "iPhone Developer";
				"CODE_SIGN_IDENTITY[sdk=iphoneos*]" = "iPhone Developer";
				GCC_PRECOMPILE_PREFIX_HEADER = YES;
				GCC_PREFIX_HEADER = "$(SRCROOT)/FSGame/PrefixHeader.pch";
				INFOPLIST_FILE = FSGame/Info.plist;
				IPHONEOS_DEPLOYMENT_TARGET = 7.0;
				LD_RUNPATH_SEARCH_PATHS = "$(inherited) @executable_path/Frameworks";
				PRODUCT_NAME = "$(TARGET_NAME)";
				PROVISIONING_PROFILE = "";
			};
			name = Release;
		};
		04051D381B009C5B00B5B243 /* Debug */ = {
			isa = XCBuildConfiguration;
			buildSettings = {
				BUNDLE_LOADER = "$(TEST_HOST)";
				FRAMEWORK_SEARCH_PATHS = (
					"$(SDKROOT)/Developer/Library/Frameworks",
					"$(inherited)",
				);
				GCC_PREPROCESSOR_DEFINITIONS = (
					"DEBUG=1",
					"$(inherited)",
				);
				INFOPLIST_FILE = FSGameTests/Info.plist;
				LD_RUNPATH_SEARCH_PATHS = "$(inherited) @executable_path/Frameworks @loader_path/Frameworks";
				PRODUCT_NAME = "$(TARGET_NAME)";
				TEST_HOST = "$(BUILT_PRODUCTS_DIR)/FSGame.app/FSGame";
			};
			name = Debug;
		};
		04051D391B009C5B00B5B243 /* Release */ = {
			isa = XCBuildConfiguration;
			buildSettings = {
				BUNDLE_LOADER = "$(TEST_HOST)";
				FRAMEWORK_SEARCH_PATHS = (
					"$(SDKROOT)/Developer/Library/Frameworks",
					"$(inherited)",
				);
				INFOPLIST_FILE = FSGameTests/Info.plist;
				LD_RUNPATH_SEARCH_PATHS = "$(inherited) @executable_path/Frameworks @loader_path/Frameworks";
				PRODUCT_NAME = "$(TARGET_NAME)";
				TEST_HOST = "$(BUILT_PRODUCTS_DIR)/FSGame.app/FSGame";
			};
			name = Release;
		};
/* End XCBuildConfiguration section */

/* Begin XCConfigurationList section */
		04051D0C1B009C5B00B5B243 /* Build configuration list for PBXProject "FSGame" */ = {
			isa = XCConfigurationList;
			buildConfigurations = (
				04051D321B009C5B00B5B243 /* Debug */,
				04051D331B009C5B00B5B243 /* Release */,
			);
			defaultConfigurationIsVisible = 0;
			defaultConfigurationName = Release;
		};
		04051D341B009C5B00B5B243 /* Build configuration list for PBXNativeTarget "FSGame" */ = {
			isa = XCConfigurationList;
			buildConfigurations = (
				04051D351B009C5B00B5B243 /* Debug */,
				04051D361B009C5B00B5B243 /* Release */,
			);
			defaultConfigurationIsVisible = 0;
			defaultConfigurationName = Release;
		};
		04051D371B009C5B00B5B243 /* Build configuration list for PBXNativeTarget "FSGameTests" */ = {
			isa = XCConfigurationList;
			buildConfigurations = (
				04051D381B009C5B00B5B243 /* Debug */,
				04051D391B009C5B00B5B243 /* Release */,
			);
			defaultConfigurationIsVisible = 0;
			defaultConfigurationName = Release;
		};
/* End XCConfigurationList section */
	};
	rootObject = 04051D091B009C5B00B5B243 /* Project object */;
}
